
Microsoft Visual Studio Solution File, Format Version 12.00
# Visual Studio Version 17
VisualStudioVersion = 17.6.33513.286
MinimumVisualStudioVersion = 10.0.40219.1
Project("{FAE04EC0-301F-11D3-BF4B-00C04F79EFBC}") = "Dots half distance", "Dots half distance\Dots half distance.csproj", "{A15D4771-7186-4EF2-BAD7-BA3B668745CD}"
EndProject
Global
	GlobalSection(SolutionConfigurationPlatforms) = preSolution
		Debug|Any CPU = Debug|Any CPU
		Release|Any CPU = Release|Any CPU
	EndGlobalSection
	GlobalSection(ProjectConfigurationPlatforms) = postSolution
		{A15D4771-7186-4EF2-BAD7-BA3B668745CD}.Debug|Any CPU.ActiveCfg = Debug|Any CPU
		{A15D4771-7186-4EF2-BAD7-BA3B668745CD}.Debug|Any CPU.Build.0 = Debug|Any CPU
		{A15D4771-7186-4EF2-BAD7-BA3B668745CD}.Release|Any CPU.ActiveCfg = Release|Any CPU
		{A15D4771-7186-4EF2-BAD7-BA3B668745CD}.Release|Any CPU.Build.0 = Release|Any CPU
	EndGlobalSection
	GlobalSection(SolutionProperties) = preSolution
		HideSolutionNode = FALSE
	EndGlobalSection
	GlobalSection(ExtensibilityGlobals) = postSolution
		SolutionGuid = {C10FAC1A-6CEC-402C-BE30-9969E282F782}
	EndGlobalSection
EndGlobal
